
Microsoft Visual Studio Solution File, Format Version 12.00
# Visual Studio Version 16
VisualStudioVersion = 16.0.30104.148
MinimumVisualStudioVersion = 10.0.40219.1
Project("{FAE04EC0-301F-11D3-BF4B-00C04F79EFBC}") = "WFAStartF", "WFAStartF\WFAStartF.csproj", "{057147F1-DE64-47F1-8C12-54FB0CF1F437}"
EndProject
Global
	GlobalSection(SolutionConfigurationPlatforms) = preSolution
		Debug|Any CPU = Debug|Any CPU
		Release|Any CPU = Release|Any CPU
	EndGlobalSection
	GlobalSection(ProjectConfigurationPlatforms) = postSolution
		{057147F1-DE64-47F1-8C12-54FB0CF1F437}.Debug|Any CPU.ActiveCfg = Debug|Any CPU
		{057147F1-DE64-47F1-8C12-54FB0CF1F437}.Debug|Any CPU.Build.0 = Debug|Any CPU
		{057147F1-DE64-47F1-8C12-54FB0CF1F437}.Release|Any CPU.ActiveCfg = Release|Any CPU
		{057147F1-DE64-47F1-8C12-54FB0CF1F437}.Release|Any CPU.Build.0 = Release|Any CPU
	EndGlobalSection
	GlobalSection(SolutionProperties) = preSolution
		HideSolutionNode = FALSE
	EndGlobalSection
	GlobalSection(ExtensibilityGlobals) = postSolution
		SolutionGuid = {4DD4F3CB-978A-4E60-B1D1-18D89541C9B6}
	EndGlobalSection
EndGlobal
