
Microsoft Visual Studio Solution File, Format Version 12.00
# Visual Studio Version 17
VisualStudioVersion = 17.4.33103.184
MinimumVisualStudioVersion = 10.0.40219.1
Project("{FAE04EC0-301F-11D3-BF4B-00C04F79EFBC}") = "JaggedArray", "JaggedArray\JaggedArray.csproj", "{731701D6-D61C-4D30-8FB2-2BAF76E25DD6}"
EndProject
Global
	GlobalSection(SolutionConfigurationPlatforms) = preSolution
		Debug|Any CPU = Debug|Any CPU
		Release|Any CPU = Release|Any CPU
	EndGlobalSection
	GlobalSection(ProjectConfigurationPlatforms) = postSolution
		{731701D6-D61C-4D30-8FB2-2BAF76E25DD6}.Debug|Any CPU.ActiveCfg = Debug|Any CPU
		{731701D6-D61C-4D30-8FB2-2BAF76E25DD6}.Debug|Any CPU.Build.0 = Debug|Any CPU
		{731701D6-D61C-4D30-8FB2-2BAF76E25DD6}.Release|Any CPU.ActiveCfg = Release|Any CPU
		{731701D6-D61C-4D30-8FB2-2BAF76E25DD6}.Release|Any CPU.Build.0 = Release|Any CPU
	EndGlobalSection
	GlobalSection(SolutionProperties) = preSolution
		HideSolutionNode = FALSE
	EndGlobalSection
	GlobalSection(ExtensibilityGlobals) = postSolution
		SolutionGuid = {E085CFB5-04B3-4382-B75E-E6E2ECC4E19E}
	EndGlobalSection
EndGlobal
