
Microsoft Visual Studio Solution File, Format Version 12.00
# Visual Studio Version 17
VisualStudioVersion = 17.4.33103.184
MinimumVisualStudioVersion = 10.0.40219.1
Project("{FAE04EC0-301F-11D3-BF4B-00C04F79EFBC}") = "LabTaskMid", "LabTaskMid\LabTaskMid.csproj", "{C9DAF66B-D936-4B98-9F9E-BC54B6054AB0}"
EndProject
Global
	GlobalSection(SolutionConfigurationPlatforms) = preSolution
		Debug|Any CPU = Debug|Any CPU
		Release|Any CPU = Release|Any CPU
	EndGlobalSection
	GlobalSection(ProjectConfigurationPlatforms) = postSolution
		{C9DAF66B-D936-4B98-9F9E-BC54B6054AB0}.Debug|Any CPU.ActiveCfg = Debug|Any CPU
		{C9DAF66B-D936-4B98-9F9E-BC54B6054AB0}.Debug|Any CPU.Build.0 = Debug|Any CPU
		{C9DAF66B-D936-4B98-9F9E-BC54B6054AB0}.Release|Any CPU.ActiveCfg = Release|Any CPU
		{C9DAF66B-D936-4B98-9F9E-BC54B6054AB0}.Release|Any CPU.Build.0 = Release|Any CPU
	EndGlobalSection
	GlobalSection(SolutionProperties) = preSolution
		HideSolutionNode = FALSE
	EndGlobalSection
	GlobalSection(ExtensibilityGlobals) = postSolution
		SolutionGuid = {FCC1860C-656D-4E30-A7A8-C425A20407E6}
	EndGlobalSection
EndGlobal
