
Microsoft Visual Studio Solution File, Format Version 12.00
# Visual Studio Version 16
VisualStudioVersion = 16.0.30104.148
MinimumVisualStudioVersion = 10.0.40219.1
Project("{FAE04EC0-301F-11D3-BF4B-00C04F79EFBC}") = "ConsoleAppT", "ConsoleAppT\ConsoleAppT.csproj", "{835A5C47-2CF0-477B-8CCF-17AE99F21AB6}"
EndProject
Global
	GlobalSection(SolutionConfigurationPlatforms) = preSolution
		Debug|Any CPU = Debug|Any CPU
		Release|Any CPU = Release|Any CPU
	EndGlobalSection
	GlobalSection(ProjectConfigurationPlatforms) = postSolution
		{835A5C47-2CF0-477B-8CCF-17AE99F21AB6}.Debug|Any CPU.ActiveCfg = Debug|Any CPU
		{835A5C47-2CF0-477B-8CCF-17AE99F21AB6}.Debug|Any CPU.Build.0 = Debug|Any CPU
		{835A5C47-2CF0-477B-8CCF-17AE99F21AB6}.Release|Any CPU.ActiveCfg = Release|Any CPU
		{835A5C47-2CF0-477B-8CCF-17AE99F21AB6}.Release|Any CPU.Build.0 = Release|Any CPU
	EndGlobalSection
	GlobalSection(SolutionProperties) = preSolution
		HideSolutionNode = FALSE
	EndGlobalSection
	GlobalSection(ExtensibilityGlobals) = postSolution
		SolutionGuid = {FA55F858-3F59-4FA5-BF4D-1D91C578C349}
	EndGlobalSection
EndGlobal
