
Microsoft Visual Studio Solution File, Format Version 12.00
# Visual Studio Version 16
VisualStudioVersion = 16.0.30104.148
MinimumVisualStudioVersion = 10.0.40219.1
Project("{FAE04EC0-301F-11D3-BF4B-00C04F79EFBC}") = "ConsoleAppClass", "ConsoleAppClass\ConsoleAppClass.csproj", "{F70F91AF-4ACC-4DC0-9C0F-081004B94E98}"
EndProject
Global
	GlobalSection(SolutionConfigurationPlatforms) = preSolution
		Debug|Any CPU = Debug|Any CPU
		Release|Any CPU = Release|Any CPU
	EndGlobalSection
	GlobalSection(ProjectConfigurationPlatforms) = postSolution
		{F70F91AF-4ACC-4DC0-9C0F-081004B94E98}.Debug|Any CPU.ActiveCfg = Debug|Any CPU
		{F70F91AF-4ACC-4DC0-9C0F-081004B94E98}.Debug|Any CPU.Build.0 = Debug|Any CPU
		{F70F91AF-4ACC-4DC0-9C0F-081004B94E98}.Release|Any CPU.ActiveCfg = Release|Any CPU
		{F70F91AF-4ACC-4DC0-9C0F-081004B94E98}.Release|Any CPU.Build.0 = Release|Any CPU
	EndGlobalSection
	GlobalSection(SolutionProperties) = preSolution
		HideSolutionNode = FALSE
	EndGlobalSection
	GlobalSection(ExtensibilityGlobals) = postSolution
		SolutionGuid = {0B4931C5-8855-4726-AC6B-4F127AF7E230}
	EndGlobalSection
EndGlobal
