
Microsoft Visual Studio Solution File, Format Version 12.00
# Visual Studio Version 16
VisualStudioVersion = 16.0.30104.148
MinimumVisualStudioVersion = 10.0.40219.1
Project("{FAE04EC0-301F-11D3-BF4B-00C04F79EFBC}") = "ConsoleAppSI", "ConsoleAppSI\ConsoleAppSI.csproj", "{591E060A-865F-4EB1-9D9A-FC4155E8BFC0}"
EndProject
Global
	GlobalSection(SolutionConfigurationPlatforms) = preSolution
		Debug|Any CPU = Debug|Any CPU
		Release|Any CPU = Release|Any CPU
	EndGlobalSection
	GlobalSection(ProjectConfigurationPlatforms) = postSolution
		{591E060A-865F-4EB1-9D9A-FC4155E8BFC0}.Debug|Any CPU.ActiveCfg = Debug|Any CPU
		{591E060A-865F-4EB1-9D9A-FC4155E8BFC0}.Debug|Any CPU.Build.0 = Debug|Any CPU
		{591E060A-865F-4EB1-9D9A-FC4155E8BFC0}.Release|Any CPU.ActiveCfg = Release|Any CPU
		{591E060A-865F-4EB1-9D9A-FC4155E8BFC0}.Release|Any CPU.Build.0 = Release|Any CPU
	EndGlobalSection
	GlobalSection(SolutionProperties) = preSolution
		HideSolutionNode = FALSE
	EndGlobalSection
	GlobalSection(ExtensibilityGlobals) = postSolution
		SolutionGuid = {551EE72A-459B-4F39-8EBC-0D3F53345F27}
	EndGlobalSection
EndGlobal
