
Microsoft Visual Studio Solution File, Format Version 12.00
# Visual Studio Version 17
VisualStudioVersion = 17.4.33103.184
MinimumVisualStudioVersion = 10.0.40219.1
Project("{FAE04EC0-301F-11D3-BF4B-00C04F79EFBC}") = "AkibAnjumNawar", "AkibAnjumNawar\AkibAnjumNawar.csproj", "{BE30EEA3-9E7C-4986-B8A2-8240B5E045C6}"
EndProject
Global
	GlobalSection(SolutionConfigurationPlatforms) = preSolution
		Debug|Any CPU = Debug|Any CPU
		Release|Any CPU = Release|Any CPU
	EndGlobalSection
	GlobalSection(ProjectConfigurationPlatforms) = postSolution
		{BE30EEA3-9E7C-4986-B8A2-8240B5E045C6}.Debug|Any CPU.ActiveCfg = Debug|Any CPU
		{BE30EEA3-9E7C-4986-B8A2-8240B5E045C6}.Debug|Any CPU.Build.0 = Debug|Any CPU
		{BE30EEA3-9E7C-4986-B8A2-8240B5E045C6}.Release|Any CPU.ActiveCfg = Release|Any CPU
		{BE30EEA3-9E7C-4986-B8A2-8240B5E045C6}.Release|Any CPU.Build.0 = Release|Any CPU
	EndGlobalSection
	GlobalSection(SolutionProperties) = preSolution
		HideSolutionNode = FALSE
	EndGlobalSection
	GlobalSection(ExtensibilityGlobals) = postSolution
		SolutionGuid = {76D471B4-BA08-41CD-BC72-65B20A39B36C}
	EndGlobalSection
EndGlobal
