
Microsoft Visual Studio Solution File, Format Version 12.00
# Visual Studio Version 16
VisualStudioVersion = 16.0.30104.148
MinimumVisualStudioVersion = 10.0.40219.1
Project("{FAE04EC0-301F-11D3-BF4B-00C04F79EFBC}") = "ConsoleAppInD", "ConsoleAppInD\ConsoleAppInD.csproj", "{A604FBD9-629A-4738-AE1D-B7EEDE0C8823}"
EndProject
Global
	GlobalSection(SolutionConfigurationPlatforms) = preSolution
		Debug|Any CPU = Debug|Any CPU
		Release|Any CPU = Release|Any CPU
	EndGlobalSection
	GlobalSection(ProjectConfigurationPlatforms) = postSolution
		{A604FBD9-629A-4738-AE1D-B7EEDE0C8823}.Debug|Any CPU.ActiveCfg = Debug|Any CPU
		{A604FBD9-629A-4738-AE1D-B7EEDE0C8823}.Debug|Any CPU.Build.0 = Debug|Any CPU
		{A604FBD9-629A-4738-AE1D-B7EEDE0C8823}.Release|Any CPU.ActiveCfg = Release|Any CPU
		{A604FBD9-629A-4738-AE1D-B7EEDE0C8823}.Release|Any CPU.Build.0 = Release|Any CPU
	EndGlobalSection
	GlobalSection(SolutionProperties) = preSolution
		HideSolutionNode = FALSE
	EndGlobalSection
	GlobalSection(ExtensibilityGlobals) = postSolution
		SolutionGuid = {2B4BFA67-4972-4859-806F-CAB17B43F746}
	EndGlobalSection
EndGlobal
